<?xml version="1.0" encoding="UTF-8"?>
<!DOCTYPE plist PUBLIC "-//Apple//DTD PLIST 1.0//EN" "http://www.apple.com/DTDs/PropertyList-1.0.dtd">
<plist version="1.0">
<dict>
	<key>archiveVersion</key>
	<string>1</string>
	<key>classes</key>
	<dict/>
	<key>objectVersion</key>
	<string>46</string>
	<key>objects</key>
	<dict>
		<key>056337D6314D4654B5811F1A</key>
		<dict>
			<key>buildActionMask</key>
			<string>2147483647</string>
			<key>files</key>
			<array/>
			<key>inputPaths</key>
			<array/>
			<key>isa</key>
			<string>PBXShellScriptBuildPhase</string>
			<key>name</key>
			<string>Check Pods Manifest.lock</string>
			<key>outputPaths</key>
			<array/>
			<key>runOnlyForDeploymentPostprocessing</key>
			<string>0</string>
			<key>shellPath</key>
			<string>/bin/sh</string>
			<key>shellScript</key>
			<string>diff "${PODS_ROOT}/../Podfile.lock" "${PODS_ROOT}/Manifest.lock" &gt; /dev/null
if [[ $? != 0 ]] ; then
    cat &lt;&lt; EOM
error: The sandbox is not in sync with the Podfile.lock. Run 'pod install' or update your CocoaPods installation.
EOM
    exit 1
fi
</string>
			<key>showEnvVarsInLog</key>
			<string>0</string>
		</dict>
		<key>24CF26F827C048508A2EACE7</key>
		<dict>
			<key>includeInIndex</key>
			<string>1</string>
			<key>isa</key>
			<string>PBXFileReference</string>
			<key>lastKnownFileType</key>
			<string>text.xcconfig</string>
			<key>name</key>
			<string>Pods.xcconfig</string>
			<key>path</key>
			<string>Pods/Pods.xcconfig</string>
			<key>sourceTree</key>
			<string>&lt;group&gt;</string>
		</dict>
		<key>3999B31C19F48CE500C7FC88</key>
		<dict>
			<key>children</key>
			<array>
				<string>3999B32719F48CE500C7FC88</string>
				<string>3999B34119F48CE500C7FC88</string>
				<string>3999B32619F48CE500C7FC88</string>
				<string>24CF26F827C048508A2EACE7</string>
				<string>887614053EDF4C579344D8AA</string>
			</array>
			<key>isa</key>
			<string>PBXGroup</string>
			<key>sourceTree</key>
			<string>&lt;group&gt;</string>
		</dict>
		<key>3999B31D19F48CE500C7FC88</key>
		<dict>
			<key>attributes</key>
			<dict>
				<key>LastUpgradeCheck</key>
				<string>0600</string>
				<key>ORGANIZATIONNAME</key>
				<string>Wei Zhang</string>
				<key>TargetAttributes</key>
				<dict>
					<key>3999B32419F48CE500C7FC88</key>
					<dict>
						<key>CreatedOnToolsVersion</key>
						<string>6.0.1</string>
					</dict>
					<key>3999B33D19F48CE500C7FC88</key>
					<dict>
						<key>CreatedOnToolsVersion</key>
						<string>6.0.1</string>
						<key>TestTargetID</key>
						<string>3999B32419F48CE500C7FC88</string>
					</dict>
				</dict>
			</dict>
			<key>buildConfigurationList</key>
			<string>3999B32019F48CE500C7FC88</string>
			<key>compatibilityVersion</key>
			<string>Xcode 3.2</string>
			<key>developmentRegion</key>
			<string>English</string>
			<key>hasScannedForEncodings</key>
			<string>0</string>
			<key>isa</key>
			<string>PBXProject</string>
			<key>knownRegions</key>
			<array>
				<string>en</string>
				<string>Base</string>
			</array>
			<key>mainGroup</key>
			<string>3999B31C19F48CE500C7FC88</string>
			<key>productRefGroup</key>
			<string>3999B32619F48CE500C7FC88</string>
			<key>projectDirPath</key>
			<string></string>
			<key>projectReferences</key>
			<array/>
			<key>projectRoot</key>
			<string></string>
			<key>targets</key>
			<array>
				<string>3999B32419F48CE500C7FC88</string>
				<string>3999B33D19F48CE500C7FC88</string>
			</array>
		</dict>
		<key>3999B32019F48CE500C7FC88</key>
		<dict>
			<key>buildConfigurations</key>
			<array>
				<string>3999B34619F48CE500C7FC88</string>
				<string>3999B34719F48CE500C7FC88</string>
			</array>
			<key>defaultConfigurationIsVisible</key>
			<string>0</string>
			<key>defaultConfigurationName</key>
			<string>Release</string>
			<key>isa</key>
			<string>XCConfigurationList</string>
		</dict>
		<key>3999B32119F48CE500C7FC88</key>
		<dict>
			<key>buildActionMask</key>
			<string>2147483647</string>
			<key>files</key>
			<array>
				<string>3999B33119F48CE500C7FC88</string>
				<string>3999B36519F48EF100C7FC88</string>
				<string>3999B37319F4967600C7FC88</string>
				<string>3999B36619F48EF100C7FC88</string>
				<string>3999B32E19F48CE500C7FC88</string>
				<string>3999B32B19F48CE500C7FC88</string>
				<string>3999B36719F48EF100C7FC88</string>
				<string>3999B37C19F498DA00C7FC88</string>
				<string>3999B36D19F4953300C7FC88</string>
				<string>3999B36819F48EF100C7FC88</string>
				<string>3999B37019F495D700C7FC88</string>
				<string>3999B37619F496C600C7FC88</string>
			</array>
			<key>isa</key>
			<string>PBXSourcesBuildPhase</string>
			<key>runOnlyForDeploymentPostprocessing</key>
			<string>0</string>
		</dict>
		<key>3999B32219F48CE500C7FC88</key>
		<dict>
			<key>buildActionMask</key>
			<string>2147483647</string>
			<key>files</key>
			<array>
				<string>FEAC2B70E4AE4387979854FB</string>
			</array>
			<key>isa</key>
			<string>PBXFrameworksBuildPhase</string>
			<key>runOnlyForDeploymentPostprocessing</key>
			<string>0</string>
		</dict>
		<key>3999B32319F48CE500C7FC88</key>
		<dict>
			<key>buildActionMask</key>
			<string>2147483647</string>
			<key>files</key>
			<array>
				<string>3999B35519F48D3E00C7FC88</string>
				<string>3999B33619F48CE500C7FC88</string>
				<string>3999B35419F48D3E00C7FC88</string>
				<string>3999B35319F48D3E00C7FC88</string>
			</array>
			<key>isa</key>
			<string>PBXResourcesBuildPhase</string>
			<key>runOnlyForDeploymentPostprocessing</key>
			<string>0</string>
		</dict>
		<key>3999B32419F48CE500C7FC88</key>
		<dict>
			<key>buildConfigurationList</key>
			<string>3999B34819F48CE500C7FC88</string>
			<key>buildPhases</key>
			<array>
				<string>056337D6314D4654B5811F1A</string>
				<string>3999B32119F48CE500C7FC88</string>
				<string>3999B32219F48CE500C7FC88</string>
				<string>3999B32319F48CE500C7FC88</string>
				<string>F6FA315099754810AA1AC4F1</string>
			</array>
			<key>buildRules</key>
			<array/>
			<key>dependencies</key>
			<array/>
			<key>isa</key>
			<string>PBXNativeTarget</string>
			<key>name</key>
			<string>LFFramework</string>
			<key>productName</key>
			<string>LFFramework</string>
			<key>productReference</key>
			<string>3999B32519F48CE500C7FC88</string>
			<key>productType</key>
			<string>com.apple.product-type.application</string>
		</dict>
		<key>3999B32519F48CE500C7FC88</key>
		<dict>
			<key>explicitFileType</key>
			<string>wrapper.application</string>
			<key>includeInIndex</key>
			<string>0</string>
			<key>isa</key>
			<string>PBXFileReference</string>
			<key>path</key>
			<string>LFFramework.app</string>
			<key>sourceTree</key>
			<string>BUILT_PRODUCTS_DIR</string>
		</dict>
		<key>3999B32619F48CE500C7FC88</key>
		<dict>
			<key>children</key>
			<array>
				<string>3999B32519F48CE500C7FC88</string>
				<string>3999B33E19F48CE500C7FC88</string>
			</array>
			<key>isa</key>
			<string>PBXGroup</string>
			<key>name</key>
			<string>Products</string>
			<key>sourceTree</key>
			<string>&lt;group&gt;</string>
		</dict>
		<key>3999B32719F48CE500C7FC88</key>
		<dict>
			<key>children</key>
			<array>
				<string>3999B35619F48EF100C7FC88</string>
				<string>3999B34E19F48D3E00C7FC88</string>
				<string>3999B32C19F48CE500C7FC88</string>
				<string>3999B32D19F48CE500C7FC88</string>
				<string>3999B32F19F48CE500C7FC88</string>
				<string>3999B33019F48CE500C7FC88</string>
				<string>3999B33519F48CE500C7FC88</string>
				<string>3999B32819F48CE500C7FC88</string>
			</array>
			<key>isa</key>
			<string>PBXGroup</string>
			<key>path</key>
			<string>LFFramework</string>
			<key>sourceTree</key>
			<string>&lt;group&gt;</string>
		</dict>
		<key>3999B32819F48CE500C7FC88</key>
		<dict>
			<key>children</key>
			<array>
				<string>3999B32919F48CE500C7FC88</string>
				<string>3999B32A19F48CE500C7FC88</string>
			</array>
			<key>isa</key>
			<string>PBXGroup</string>
			<key>name</key>
			<string>Supporting Files</string>
			<key>sourceTree</key>
			<string>&lt;group&gt;</string>
		</dict>
		<key>3999B32919F48CE500C7FC88</key>
		<dict>
			<key>isa</key>
			<string>PBXFileReference</string>
			<key>lastKnownFileType</key>
			<string>text.plist.xml</string>
			<key>path</key>
			<string>Info.plist</string>
			<key>sourceTree</key>
			<string>&lt;group&gt;</string>
		</dict>
		<key>3999B32A19F48CE500C7FC88</key>
		<dict>
			<key>isa</key>
			<string>PBXFileReference</string>
			<key>lastKnownFileType</key>
			<string>sourcecode.c.objc</string>
			<key>path</key>
			<string>main.m</string>
			<key>sourceTree</key>
			<string>&lt;group&gt;</string>
		</dict>
		<key>3999B32B19F48CE500C7FC88</key>
		<dict>
			<key>fileRef</key>
			<string>3999B32A19F48CE500C7FC88</string>
			<key>isa</key>
			<string>PBXBuildFile</string>
		</dict>
		<key>3999B32C19F48CE500C7FC88</key>
		<dict>
			<key>isa</key>
			<string>PBXFileReference</string>
			<key>lastKnownFileType</key>
			<string>sourcecode.c.h</string>
			<key>path</key>
			<string>AppDelegate.h</string>
			<key>sourceTree</key>
			<string>&lt;group&gt;</string>
		</dict>
		<key>3999B32D19F48CE500C7FC88</key>
		<dict>
			<key>isa</key>
			<string>PBXFileReference</string>
			<key>lastKnownFileType</key>
			<string>sourcecode.c.objc</string>
			<key>path</key>
			<string>AppDelegate.m</string>
			<key>sourceTree</key>
			<string>&lt;group&gt;</string>
		</dict>
		<key>3999B32E19F48CE500C7FC88</key>
		<dict>
			<key>fileRef</key>
			<string>3999B32D19F48CE500C7FC88</string>
			<key>isa</key>
			<string>PBXBuildFile</string>
		</dict>
		<key>3999B32F19F48CE500C7FC88</key>
		<dict>
			<key>isa</key>
			<string>PBXFileReference</string>
			<key>lastKnownFileType</key>
			<string>sourcecode.c.h</string>
			<key>path</key>
			<string>ViewController.h</string>
			<key>sourceTree</key>
			<string>&lt;group&gt;</string>
		</dict>
		<key>3999B33019F48CE500C7FC88</key>
		<dict>
			<key>isa</key>
			<string>PBXFileReference</string>
			<key>lastKnownFileType</key>
			<string>sourcecode.c.objc</string>
			<key>path</key>
			<string>ViewController.m</string>
			<key>sourceTree</key>
			<string>&lt;group&gt;</string>
		</dict>
		<key>3999B33119F48CE500C7FC88</key>
		<dict>
			<key>fileRef</key>
			<string>3999B33019F48CE500C7FC88</string>
			<key>isa</key>
			<string>PBXBuildFile</string>
		</dict>
		<key>3999B33519F48CE500C7FC88</key>
		<dict>
			<key>isa</key>
			<string>PBXFileReference</string>
			<key>lastKnownFileType</key>
			<string>folder.assetcatalog</string>
			<key>path</key>
			<string>Images.xcassets</string>
			<key>sourceTree</key>
			<string>&lt;group&gt;</string>
		</dict>
		<key>3999B33619F48CE500C7FC88</key>
		<dict>
			<key>fileRef</key>
			<string>3999B33519F48CE500C7FC88</string>
			<key>isa</key>
			<string>PBXBuildFile</string>
		</dict>
		<key>3999B33A19F48CE500C7FC88</key>
		<dict>
			<key>buildActionMask</key>
			<string>2147483647</string>
			<key>files</key>
			<array>
				<string>3999B34519F48CE500C7FC88</string>
			</array>
			<key>isa</key>
			<string>PBXSourcesBuildPhase</string>
			<key>runOnlyForDeploymentPostprocessing</key>
			<string>0</string>
		</dict>
		<key>3999B33B19F48CE500C7FC88</key>
		<dict>
			<key>buildActionMask</key>
			<string>2147483647</string>
			<key>files</key>
			<array/>
			<key>isa</key>
			<string>PBXFrameworksBuildPhase</string>
			<key>runOnlyForDeploymentPostprocessing</key>
			<string>0</string>
		</dict>
		<key>3999B33C19F48CE500C7FC88</key>
		<dict>
			<key>buildActionMask</key>
			<string>2147483647</string>
			<key>files</key>
			<array/>
			<key>isa</key>
			<string>PBXResourcesBuildPhase</string>
			<key>runOnlyForDeploymentPostprocessing</key>
			<string>0</string>
		</dict>
		<key>3999B33D19F48CE500C7FC88</key>
		<dict>
			<key>buildConfigurationList</key>
			<string>3999B34B19F48CE500C7FC88</string>
			<key>buildPhases</key>
			<array>
				<string>3999B33A19F48CE500C7FC88</string>
				<string>3999B33B19F48CE500C7FC88</string>
				<string>3999B33C19F48CE500C7FC88</string>
			</array>
			<key>buildRules</key>
			<array/>
			<key>dependencies</key>
			<array>
				<string>3999B34019F48CE500C7FC88</string>
			</array>
			<key>isa</key>
			<string>PBXNativeTarget</string>
			<key>name</key>
			<string>LFFrameworkTests</string>
			<key>productName</key>
			<string>LFFrameworkTests</string>
			<key>productReference</key>
			<string>3999B33E19F48CE500C7FC88</string>
			<key>productType</key>
			<string>com.apple.product-type.bundle.unit-test</string>
		</dict>
		<key>3999B33E19F48CE500C7FC88</key>
		<dict>
			<key>explicitFileType</key>
			<string>wrapper.cfbundle</string>
			<key>includeInIndex</key>
			<string>0</string>
			<key>isa</key>
			<string>PBXFileReference</string>
			<key>path</key>
			<string>LFFrameworkTests.xctest</string>
			<key>sourceTree</key>
			<string>BUILT_PRODUCTS_DIR</string>
		</dict>
		<key>3999B33F19F48CE500C7FC88</key>
		<dict>
			<key>containerPortal</key>
			<string>3999B31D19F48CE500C7FC88</string>
			<key>isa</key>
			<string>PBXContainerItemProxy</string>
			<key>proxyType</key>
			<string>1</string>
			<key>remoteGlobalIDString</key>
			<string>3999B32419F48CE500C7FC88</string>
			<key>remoteInfo</key>
			<string>LFFramework</string>
		</dict>
		<key>3999B34019F48CE500C7FC88</key>
		<dict>
			<key>isa</key>
			<string>PBXTargetDependency</string>
			<key>target</key>
			<string>3999B32419F48CE500C7FC88</string>
			<key>targetProxy</key>
			<string>3999B33F19F48CE500C7FC88</string>
		</dict>
		<key>3999B34119F48CE500C7FC88</key>
		<dict>
			<key>children</key>
			<array>
				<string>3999B34419F48CE500C7FC88</string>
				<string>3999B34219F48CE500C7FC88</string>
			</array>
			<key>isa</key>
			<string>PBXGroup</string>
			<key>path</key>
			<string>LFFrameworkTests</string>
			<key>sourceTree</key>
			<string>&lt;group&gt;</string>
		</dict>
		<key>3999B34219F48CE500C7FC88</key>
		<dict>
			<key>children</key>
			<array>
				<string>3999B34319F48CE500C7FC88</string>
			</array>
			<key>isa</key>
			<string>PBXGroup</string>
			<key>name</key>
			<string>Supporting Files</string>
			<key>sourceTree</key>
			<string>&lt;group&gt;</string>
		</dict>
		<key>3999B34319F48CE500C7FC88</key>
		<dict>
			<key>isa</key>
			<string>PBXFileReference</string>
			<key>lastKnownFileType</key>
			<string>text.plist.xml</string>
			<key>path</key>
			<string>Info.plist</string>
			<key>sourceTree</key>
			<string>&lt;group&gt;</string>
		</dict>
		<key>3999B34419F48CE500C7FC88</key>
		<dict>
			<key>isa</key>
			<string>PBXFileReference</string>
			<key>lastKnownFileType</key>
			<string>sourcecode.c.objc</string>
			<key>path</key>
			<string>LFFrameworkTests.m</string>
			<key>sourceTree</key>
			<string>&lt;group&gt;</string>
		</dict>
		<key>3999B34519F48CE500C7FC88</key>
		<dict>
			<key>fileRef</key>
			<string>3999B34419F48CE500C7FC88</string>
			<key>isa</key>
			<string>PBXBuildFile</string>
		</dict>
		<key>3999B34619F48CE500C7FC88</key>
		<dict>
			<key>buildSettings</key>
			<dict>
				<key>ALWAYS_SEARCH_USER_PATHS</key>
				<string>NO</string>
				<key>CLANG_CXX_LANGUAGE_STANDARD</key>
				<string>gnu++0x</string>
				<key>CLANG_CXX_LIBRARY</key>
				<string>libc++</string>
				<key>CLANG_ENABLE_MODULES</key>
				<string>YES</string>
				<key>CLANG_ENABLE_OBJC_ARC</key>
				<string>YES</string>
				<key>CLANG_WARN_BOOL_CONVERSION</key>
				<string>YES</string>
				<key>CLANG_WARN_CONSTANT_CONVERSION</key>
				<string>YES</string>
				<key>CLANG_WARN_DIRECT_OBJC_ISA_USAGE</key>
				<string>YES_ERROR</string>
				<key>CLANG_WARN_EMPTY_BODY</key>
				<string>YES</string>
				<key>CLANG_WARN_ENUM_CONVERSION</key>
				<string>YES</string>
				<key>CLANG_WARN_INT_CONVERSION</key>
				<string>YES</string>
				<key>CLANG_WARN_OBJC_ROOT_CLASS</key>
				<string>YES_ERROR</string>
				<key>CLANG_WARN_UNREACHABLE_CODE</key>
				<string>YES</string>
				<key>CLANG_WARN__DUPLICATE_METHOD_MATCH</key>
				<string>YES</string>
				<key>CODE_SIGN_IDENTITY[sdk=iphoneos*]</key>
				<string>iPhone Developer</string>
				<key>COPY_PHASE_STRIP</key>
				<string>NO</string>
				<key>ENABLE_STRICT_OBJC_MSGSEND</key>
				<string>YES</string>
				<key>GCC_C_LANGUAGE_STANDARD</key>
				<string>gnu99</string>
				<key>GCC_DYNAMIC_NO_PIC</key>
				<string>NO</string>
				<key>GCC_OPTIMIZATION_LEVEL</key>
				<string>0</string>
				<key>GCC_PREPROCESSOR_DEFINITIONS</key>
				<array>
					<string>DEBUG=1</string>
					<string>$(inherited)</string>
				</array>
				<key>GCC_SYMBOLS_PRIVATE_EXTERN</key>
				<string>NO</string>
				<key>GCC_WARN_64_TO_32_BIT_CONVERSION</key>
				<string>YES</string>
				<key>GCC_WARN_ABOUT_RETURN_TYPE</key>
				<string>YES_ERROR</string>
				<key>GCC_WARN_UNDECLARED_SELECTOR</key>
				<string>YES</string>
				<key>GCC_WARN_UNINITIALIZED_AUTOS</key>
				<string>YES_AGGRESSIVE</string>
				<key>GCC_WARN_UNUSED_FUNCTION</key>
				<string>YES</string>
				<key>GCC_WARN_UNUSED_VARIABLE</key>
				<string>YES</string>
				<key>IPHONEOS_DEPLOYMENT_TARGET</key>
				<string>8.0</string>
				<key>MTL_ENABLE_DEBUG_INFO</key>
				<string>YES</string>
				<key>ONLY_ACTIVE_ARCH</key>
				<string>YES</string>
				<key>SDKROOT</key>
				<string>iphoneos</string>
			</dict>
			<key>isa</key>
			<string>XCBuildConfiguration</string>
			<key>name</key>
			<string>Debug</string>
		</dict>
		<key>3999B34719F48CE500C7FC88</key>
		<dict>
			<key>buildSettings</key>
			<dict>
				<key>ALWAYS_SEARCH_USER_PATHS</key>
				<string>NO</string>
				<key>CLANG_CXX_LANGUAGE_STANDARD</key>
				<string>gnu++0x</string>
				<key>CLANG_CXX_LIBRARY</key>
				<string>libc++</string>
				<key>CLANG_ENABLE_MODULES</key>
				<string>YES</string>
				<key>CLANG_ENABLE_OBJC_ARC</key>
				<string>YES</string>
				<key>CLANG_WARN_BOOL_CONVERSION</key>
				<string>YES</string>
				<key>CLANG_WARN_CONSTANT_CONVERSION</key>
				<string>YES</string>
				<key>CLANG_WARN_DIRECT_OBJC_ISA_USAGE</key>
				<string>YES_ERROR</string>
				<key>CLANG_WARN_EMPTY_BODY</key>
				<string>YES</string>
				<key>CLANG_WARN_ENUM_CONVERSION</key>
				<string>YES</string>
				<key>CLANG_WARN_INT_CONVERSION</key>
				<string>YES</string>
				<key>CLANG_WARN_OBJC_ROOT_CLASS</key>
				<string>YES_ERROR</string>
				<key>CLANG_WARN_UNREACHABLE_CODE</key>
				<string>YES</string>
				<key>CLANG_WARN__DUPLICATE_METHOD_MATCH</key>
				<string>YES</string>
				<key>CODE_SIGN_IDENTITY[sdk=iphoneos*]</key>
				<string>iPhone Developer</string>
				<key>COPY_PHASE_STRIP</key>
				<string>YES</string>
				<key>ENABLE_NS_ASSERTIONS</key>
				<string>NO</string>
				<key>ENABLE_STRICT_OBJC_MSGSEND</key>
				<string>YES</string>
				<key>GCC_C_LANGUAGE_STANDARD</key>
				<string>gnu99</string>
				<key>GCC_WARN_64_TO_32_BIT_CONVERSION</key>
				<string>YES</string>
				<key>GCC_WARN_ABOUT_RETURN_TYPE</key>
				<string>YES_ERROR</string>
				<key>GCC_WARN_UNDECLARED_SELECTOR</key>
				<string>YES</string>
				<key>GCC_WARN_UNINITIALIZED_AUTOS</key>
				<string>YES_AGGRESSIVE</string>
				<key>GCC_WARN_UNUSED_FUNCTION</key>
				<string>YES</string>
				<key>GCC_WARN_UNUSED_VARIABLE</key>
				<string>YES</string>
				<key>IPHONEOS_DEPLOYMENT_TARGET</key>
				<string>8.0</string>
				<key>MTL_ENABLE_DEBUG_INFO</key>
				<string>NO</string>
				<key>SDKROOT</key>
				<string>iphoneos</string>
				<key>VALIDATE_PRODUCT</key>
				<string>YES</string>
			</dict>
			<key>isa</key>
			<string>XCBuildConfiguration</string>
			<key>name</key>
			<string>Release</string>
		</dict>
		<key>3999B34819F48CE500C7FC88</key>
		<dict>
			<key>buildConfigurations</key>
			<array>
				<string>3999B34919F48CE500C7FC88</string>
				<string>3999B34A19F48CE500C7FC88</string>
			</array>
			<key>defaultConfigurationIsVisible</key>
			<string>0</string>
			<key>isa</key>
			<string>XCConfigurationList</string>
		</dict>
		<key>3999B34919F48CE500C7FC88</key>
		<dict>
			<key>baseConfigurationReference</key>
			<string>24CF26F827C048508A2EACE7</string>
			<key>buildSettings</key>
			<dict>
				<key>ASSETCATALOG_COMPILER_APPICON_NAME</key>
				<string>AppIcon</string>
				<key>ASSETCATALOG_COMPILER_LAUNCHIMAGE_NAME</key>
				<string>LaunchImage</string>
				<key>INFOPLIST_FILE</key>
				<string>LFFramework/Info.plist</string>
				<key>IPHONEOS_DEPLOYMENT_TARGET</key>
				<string>7.0</string>
				<key>LD_RUNPATH_SEARCH_PATHS</key>
				<string>$(inherited) @executable_path/Frameworks</string>
				<key>PRODUCT_NAME</key>
				<string>$(TARGET_NAME)</string>
			</dict>
			<key>isa</key>
			<string>XCBuildConfiguration</string>
			<key>name</key>
			<string>Debug</string>
		</dict>
		<key>3999B34A19F48CE500C7FC88</key>
		<dict>
			<key>baseConfigurationReference</key>
			<string>24CF26F827C048508A2EACE7</string>
			<key>buildSettings</key>
			<dict>
				<key>ASSETCATALOG_COMPILER_APPICON_NAME</key>
				<string>AppIcon</string>
				<key>ASSETCATALOG_COMPILER_LAUNCHIMAGE_NAME</key>
				<string>LaunchImage</string>
				<key>INFOPLIST_FILE</key>
				<string>LFFramework/Info.plist</string>
				<key>IPHONEOS_DEPLOYMENT_TARGET</key>
				<string>7.0</string>
				<key>LD_RUNPATH_SEARCH_PATHS</key>
				<string>$(inherited) @executable_path/Frameworks</string>
				<key>PRODUCT_NAME</key>
				<string>$(TARGET_NAME)</string>
			</dict>
			<key>isa</key>
			<string>XCBuildConfiguration</string>
			<key>name</key>
			<string>Release</string>
		</dict>
		<key>3999B34B19F48CE500C7FC88</key>
		<dict>
			<key>buildConfigurations</key>
			<array>
				<string>3999B34C19F48CE500C7FC88</string>
				<string>3999B34D19F48CE500C7FC88</string>
			</array>
			<key>defaultConfigurationIsVisible</key>
			<string>0</string>
			<key>isa</key>
			<string>XCConfigurationList</string>
		</dict>
		<key>3999B34C19F48CE500C7FC88</key>
		<dict>
			<key>buildSettings</key>
			<dict>
				<key>BUNDLE_LOADER</key>
				<string>$(TEST_HOST)</string>
				<key>FRAMEWORK_SEARCH_PATHS</key>
				<array>
					<string>$(SDKROOT)/Developer/Library/Frameworks</string>
					<string>$(inherited)</string>
				</array>
				<key>GCC_PREPROCESSOR_DEFINITIONS</key>
				<array>
					<string>DEBUG=1</string>
					<string>$(inherited)</string>
				</array>
				<key>INFOPLIST_FILE</key>
				<string>LFFrameworkTests/Info.plist</string>
				<key>LD_RUNPATH_SEARCH_PATHS</key>
				<string>$(inherited) @executable_path/Frameworks @loader_path/Frameworks</string>
				<key>PRODUCT_NAME</key>
				<string>$(TARGET_NAME)</string>
				<key>TEST_HOST</key>
				<string>$(BUILT_PRODUCTS_DIR)/LFFramework.app/LFFramework</string>
			</dict>
			<key>isa</key>
			<string>XCBuildConfiguration</string>
			<key>name</key>
			<string>Debug</string>
		</dict>
		<key>3999B34D19F48CE500C7FC88</key>
		<dict>
			<key>buildSettings</key>
			<dict>
				<key>BUNDLE_LOADER</key>
				<string>$(TEST_HOST)</string>
				<key>FRAMEWORK_SEARCH_PATHS</key>
				<array>
					<string>$(SDKROOT)/Developer/Library/Frameworks</string>
					<string>$(inherited)</string>
				</array>
				<key>INFOPLIST_FILE</key>
				<string>LFFrameworkTests/Info.plist</string>
				<key>LD_RUNPATH_SEARCH_PATHS</key>
				<string>$(inherited) @executable_path/Frameworks @loader_path/Frameworks</string>
				<key>PRODUCT_NAME</key>
				<string>$(TARGET_NAME)</string>
				<key>TEST_HOST</key>
				<string>$(BUILT_PRODUCTS_DIR)/LFFramework.app/LFFramework</string>
			</dict>
			<key>isa</key>
			<string>XCBuildConfiguration</string>
			<key>name</key>
			<string>Release</string>
		</dict>
		<key>3999B34E19F48D3E00C7FC88</key>
		<dict>
			<key>children</key>
			<array>
				<string>3999B34F19F48D3E00C7FC88</string>
			</array>
			<key>isa</key>
			<string>PBXGroup</string>
			<key>path</key>
			<string>Resources</string>
			<key>sourceTree</key>
			<string>&lt;group&gt;</string>
		</dict>
		<key>3999B34F19F48D3E00C7FC88</key>
		<dict>
			<key>children</key>
			<array>
				<string>3999B35019F48D3E00C7FC88</string>
				<string>3999B35119F48D3E00C7FC88</string>
				<string>3999B35219F48D3E00C7FC88</string>
			</array>
			<key>isa</key>
			<string>PBXGroup</string>
			<key>path</key>
			<string>Images</string>
			<key>sourceTree</key>
			<string>&lt;group&gt;</string>
		</dict>
		<key>3999B35019F48D3E00C7FC88</key>
		<dict>
			<key>isa</key>
			<string>PBXFileReference</string>
			<key>lastKnownFileType</key>
			<string>image.png</string>
			<key>path</key>
			<string>Default-568h@2x.png</string>
			<key>sourceTree</key>
			<string>&lt;group&gt;</string>
		</dict>
		<key>3999B35119F48D3E00C7FC88</key>
		<dict>
			<key>isa</key>
			<string>PBXFileReference</string>
			<key>lastKnownFileType</key>
			<string>image.png</string>
			<key>path</key>
			<string>Default.png</string>
			<key>sourceTree</key>
			<string>&lt;group&gt;</string>
		</dict>
		<key>3999B35219F48D3E00C7FC88</key>
		<dict>
			<key>isa</key>
			<string>PBXFileReference</string>
			<key>lastKnownFileType</key>
			<string>image.png</string>
			<key>path</key>
			<string>Default@2x.png</string>
			<key>sourceTree</key>
			<string>&lt;group&gt;</string>
		</dict>
		<key>3999B35319F48D3E00C7FC88</key>
		<dict>
			<key>fileRef</key>
			<string>3999B35019F48D3E00C7FC88</string>
			<key>isa</key>
			<string>PBXBuildFile</string>
		</dict>
		<key>3999B35419F48D3E00C7FC88</key>
		<dict>
			<key>fileRef</key>
			<string>3999B35119F48D3E00C7FC88</string>
			<key>isa</key>
			<string>PBXBuildFile</string>
		</dict>
		<key>3999B35519F48D3E00C7FC88</key>
		<dict>
			<key>fileRef</key>
			<string>3999B35219F48D3E00C7FC88</string>
			<key>isa</key>
			<string>PBXBuildFile</string>
		</dict>
		<key>3999B35619F48EF100C7FC88</key>
		<dict>
			<key>children</key>
			<array>
				<string>3999B35719F48EF100C7FC88</string>
			</array>
			<key>isa</key>
			<string>PBXGroup</string>
			<key>path</key>
			<string>LFFramework</string>
			<key>sourceTree</key>
			<string>&lt;group&gt;</string>
		</dict>
		<key>3999B35719F48EF100C7FC88</key>
		<dict>
			<key>children</key>
			<array>
				<string>3999B37719F498C500C7FC88</string>
				<string>3999B36919F494E400C7FC88</string>
				<string>3999B35819F48EF100C7FC88</string>
			</array>
			<key>isa</key>
			<string>PBXGroup</string>
			<key>path</key>
			<string>LFCore</string>
			<key>sourceTree</key>
			<string>&lt;group&gt;</string>
		</dict>
		<key>3999B35819F48EF100C7FC88</key>
		<dict>
			<key>children</key>
			<array>
				<string>3999B35919F48EF100C7FC88</string>
			</array>
			<key>isa</key>
			<string>PBXGroup</string>
			<key>path</key>
			<string>View</string>
			<key>sourceTree</key>
			<string>&lt;group&gt;</string>
		</dict>
		<key>3999B35919F48EF100C7FC88</key>
		<dict>
			<key>children</key>
			<array>
				<string>3999B35A19F48EF100C7FC88</string>
				<string>3999B35D19F48EF100C7FC88</string>
				<string>3999B36019F48EF100C7FC88</string>
				<string>3999B36119F48EF100C7FC88</string>
				<string>3999B36219F48EF100C7FC88</string>
				<string>3999B36319F48EF100C7FC88</string>
				<string>3999B36419F48EF100C7FC88</string>
			</array>
			<key>isa</key>
			<string>PBXGroup</string>
			<key>path</key>
			<string>TableView</string>
			<key>sourceTree</key>
			<string>&lt;group&gt;</string>
		</dict>
		<key>3999B35A19F48EF100C7FC88</key>
		<dict>
			<key>children</key>
			<array>
				<string>3999B37419F496C600C7FC88</string>
				<string>3999B37519F496C600C7FC88</string>
				<string>3999B35B19F48EF100C7FC88</string>
				<string>3999B35C19F48EF100C7FC88</string>
			</array>
			<key>isa</key>
			<string>PBXGroup</string>
			<key>path</key>
			<string>Cells</string>
			<key>sourceTree</key>
			<string>&lt;group&gt;</string>
		</dict>
		<key>3999B35B19F48EF100C7FC88</key>
		<dict>
			<key>fileEncoding</key>
			<string>4</string>
			<key>isa</key>
			<string>PBXFileReference</string>
			<key>lastKnownFileType</key>
			<string>sourcecode.c.h</string>
			<key>path</key>
			<string>LFTableViewCell.h</string>
			<key>sourceTree</key>
			<string>&lt;group&gt;</string>
		</dict>
		<key>3999B35C19F48EF100C7FC88</key>
		<dict>
			<key>fileEncoding</key>
			<string>4</string>
			<key>isa</key>
			<string>PBXFileReference</string>
			<key>lastKnownFileType</key>
			<string>sourcecode.c.objc</string>
			<key>path</key>
			<string>LFTableViewCell.m</string>
			<key>sourceTree</key>
			<string>&lt;group&gt;</string>
		</dict>
		<key>3999B35D19F48EF100C7FC88</key>
		<dict>
			<key>children</key>
			<array>
				<string>3999B37119F4967600C7FC88</string>
				<string>3999B37219F4967600C7FC88</string>
				<string>3999B35E19F48EF100C7FC88</string>
				<string>3999B35F19F48EF100C7FC88</string>
			</array>
			<key>isa</key>
			<string>PBXGroup</string>
			<key>path</key>
			<string>Items</string>
			<key>sourceTree</key>
			<string>&lt;group&gt;</string>
		</dict>
		<key>3999B35E19F48EF100C7FC88</key>
		<dict>
			<key>fileEncoding</key>
			<string>4</string>
			<key>isa</key>
			<string>PBXFileReference</string>
			<key>lastKnownFileType</key>
			<string>sourcecode.c.h</string>
			<key>path</key>
			<string>LFTableCellItem.h</string>
			<key>sourceTree</key>
			<string>&lt;group&gt;</string>
		</dict>
		<key>3999B35F19F48EF100C7FC88</key>
		<dict>
			<key>fileEncoding</key>
			<string>4</string>
			<key>isa</key>
			<string>PBXFileReference</string>
			<key>lastKnownFileType</key>
			<string>sourcecode.c.objc</string>
			<key>path</key>
			<string>LFTableCellItem.m</string>
			<key>sourceTree</key>
			<string>&lt;group&gt;</string>
		</dict>
		<key>3999B36019F48EF100C7FC88</key>
		<dict>
			<key>fileEncoding</key>
			<string>4</string>
			<key>isa</key>
			<string>PBXFileReference</string>
			<key>lastKnownFileType</key>
			<string>sourcecode.c.h</string>
			<key>path</key>
			<string>LFTableView.h</string>
			<key>sourceTree</key>
			<string>&lt;group&gt;</string>
		</dict>
		<key>3999B36119F48EF100C7FC88</key>
		<dict>
			<key>fileEncoding</key>
			<string>4</string>
			<key>isa</key>
			<string>PBXFileReference</string>
			<key>lastKnownFileType</key>
			<string>sourcecode.c.objc</string>
			<key>path</key>
			<string>LFTableView.m</string>
			<key>sourceTree</key>
			<string>&lt;group&gt;</string>
		</dict>
		<key>3999B36219F48EF100C7FC88</key>
		<dict>
			<key>fileEncoding</key>
			<string>4</string>
			<key>isa</key>
			<string>PBXFileReference</string>
			<key>lastKnownFileType</key>
			<string>sourcecode.c.h</string>
			<key>path</key>
			<string>LFTableViewBehavior.h</string>
			<key>sourceTree</key>
			<string>&lt;group&gt;</string>
		</dict>
		<key>3999B36319F48EF100C7FC88</key>
		<dict>
			<key>fileEncoding</key>
			<string>4</string>
			<key>isa</key>
			<string>PBXFileReference</string>
			<key>lastKnownFileType</key>
			<string>sourcecode.c.objc</string>
			<key>path</key>
			<string>LFTableViewBehavior.m</string>
			<key>sourceTree</key>
			<string>&lt;group&gt;</string>
		</dict>
		<key>3999B36419F48EF100C7FC88</key>
		<dict>
			<key>fileEncoding</key>
			<string>4</string>
			<key>isa</key>
			<string>PBXFileReference</string>
			<key>lastKnownFileType</key>
			<string>sourcecode.c.h</string>
			<key>path</key>
			<string>LFTableViewDelegate.h</string>
			<key>sourceTree</key>
			<string>&lt;group&gt;</string>
		</dict>
		<key>3999B36519F48EF100C7FC88</key>
		<dict>
			<key>fileRef</key>
			<string>3999B35C19F48EF100C7FC88</string>
			<key>isa</key>
			<string>PBXBuildFile</string>
		</dict>
		<key>3999B36619F48EF100C7FC88</key>
		<dict>
			<key>fileRef</key>
			<string>3999B35F19F48EF100C7FC88</string>
			<key>isa</key>
			<string>PBXBuildFile</string>
		</dict>
		<key>3999B36719F48EF100C7FC88</key>
		<dict>
			<key>fileRef</key>
			<string>3999B36119F48EF100C7FC88</string>
			<key>isa</key>
			<string>PBXBuildFile</string>
		</dict>
		<key>3999B36819F48EF100C7FC88</key>
		<dict>
			<key>fileRef</key>
			<string>3999B36319F48EF100C7FC88</string>
			<key>isa</key>
			<string>PBXBuildFile</string>
		</dict>
		<key>3999B36919F494E400C7FC88</key>
		<dict>
			<key>children</key>
			<array>
				<string>3999B36B19F4953300C7FC88</string>
				<string>3999B36C19F4953300C7FC88</string>
				<string>3999B36E19F495D700C7FC88</string>
				<string>3999B36F19F495D700C7FC88</string>
			</array>
			<key>isa</key>
			<string>PBXGroup</string>
			<key>path</key>
			<string>Additions</string>
			<key>sourceTree</key>
			<string>&lt;group&gt;</string>
		</dict>
		<key>3999B36B19F4953300C7FC88</key>
		<dict>
			<key>fileEncoding</key>
			<string>4</string>
			<key>isa</key>
			<string>PBXFileReference</string>
			<key>lastKnownFileType</key>
			<string>sourcecode.c.h</string>
			<key>path</key>
			<string>NSDictionary+Safety.h</string>
			<key>sourceTree</key>
			<string>&lt;group&gt;</string>
		</dict>
		<key>3999B36C19F4953300C7FC88</key>
		<dict>
			<key>fileEncoding</key>
			<string>4</string>
			<key>isa</key>
			<string>PBXFileReference</string>
			<key>lastKnownFileType</key>
			<string>sourcecode.c.objc</string>
			<key>path</key>
			<string>NSDictionary+Safety.m</string>
			<key>sourceTree</key>
			<string>&lt;group&gt;</string>
		</dict>
		<key>3999B36D19F4953300C7FC88</key>
		<dict>
			<key>fileRef</key>
			<string>3999B36C19F4953300C7FC88</string>
			<key>isa</key>
			<string>PBXBuildFile</string>
		</dict>
		<key>3999B36E19F495D700C7FC88</key>
		<dict>
			<key>fileEncoding</key>
			<string>4</string>
			<key>isa</key>
			<string>PBXFileReference</string>
			<key>lastKnownFileType</key>
			<string>sourcecode.c.h</string>
			<key>path</key>
			<string>NSMutableDictionary+Safety.h</string>
			<key>sourceTree</key>
			<string>&lt;group&gt;</string>
		</dict>
		<key>3999B36F19F495D700C7FC88</key>
		<dict>
			<key>fileEncoding</key>
			<string>4</string>
			<key>isa</key>
			<string>PBXFileReference</string>
			<key>lastKnownFileType</key>
			<string>sourcecode.c.objc</string>
			<key>path</key>
			<string>NSMutableDictionary+Safety.m</string>
			<key>sourceTree</key>
			<string>&lt;group&gt;</string>
		</dict>
		<key>3999B37019F495D700C7FC88</key>
		<dict>
			<key>fileRef</key>
			<string>3999B36F19F495D700C7FC88</string>
			<key>isa</key>
			<string>PBXBuildFile</string>
		</dict>
		<key>3999B37119F4967600C7FC88</key>
		<dict>
			<key>fileEncoding</key>
			<string>4</string>
			<key>isa</key>
			<string>PBXFileReference</string>
			<key>lastKnownFileType</key>
			<string>sourcecode.c.h</string>
			<key>path</key>
			<string>LFTableMoreCellItem.h</string>
			<key>sourceTree</key>
			<string>&lt;group&gt;</string>
		</dict>
		<key>3999B37219F4967600C7FC88</key>
		<dict>
			<key>fileEncoding</key>
			<string>4</string>
			<key>isa</key>
			<string>PBXFileReference</string>
			<key>lastKnownFileType</key>
			<string>sourcecode.c.objc</string>
			<key>path</key>
			<string>LFTableMoreCellItem.m</string>
			<key>sourceTree</key>
			<string>&lt;group&gt;</string>
		</dict>
		<key>3999B37319F4967600C7FC88</key>
		<dict>
			<key>fileRef</key>
			<string>3999B37219F4967600C7FC88</string>
			<key>isa</key>
			<string>PBXBuildFile</string>
		</dict>
		<key>3999B37419F496C600C7FC88</key>
		<dict>
			<key>fileEncoding</key>
			<string>4</string>
			<key>isa</key>
			<string>PBXFileReference</string>
			<key>lastKnownFileType</key>
			<string>sourcecode.c.h</string>
			<key>path</key>
			<string>LFTableViewMoreCell.h</string>
			<key>sourceTree</key>
			<string>&lt;group&gt;</string>
		</dict>
		<key>3999B37519F496C600C7FC88</key>
		<dict>
			<key>fileEncoding</key>
			<string>4</string>
			<key>isa</key>
			<string>PBXFileReference</string>
			<key>lastKnownFileType</key>
			<string>sourcecode.c.objc</string>
			<key>path</key>
			<string>LFTableViewMoreCell.m</string>
			<key>sourceTree</key>
			<string>&lt;group&gt;</string>
		</dict>
		<key>3999B37619F496C600C7FC88</key>
		<dict>
			<key>fileRef</key>
			<string>3999B37519F496C600C7FC88</string>
			<key>isa</key>
			<string>PBXBuildFile</string>
		</dict>
		<key>3999B37719F498C500C7FC88</key>
		<dict>
			<key>children</key>
			<array>
				<string>3999B37A19F498DA00C7FC88</string>
				<string>3999B37B19F498DA00C7FC88</string>
			</array>
			<key>isa</key>
			<string>PBXGroup</string>
			<key>path</key>
			<string>Controller</string>
			<key>sourceTree</key>
			<string>&lt;group&gt;</string>
		</dict>
		<key>3999B37A19F498DA00C7FC88</key>
		<dict>
			<key>fileEncoding</key>
			<string>4</string>
			<key>isa</key>
			<string>PBXFileReference</string>
			<key>lastKnownFileType</key>
			<string>sourcecode.c.h</string>
			<key>path</key>
			<string>LFTableViewController.h</string>
			<key>sourceTree</key>
			<string>&lt;group&gt;</string>
		</dict>
		<key>3999B37B19F498DA00C7FC88</key>
		<dict>
			<key>fileEncoding</key>
			<string>4</string>
			<key>isa</key>
			<string>PBXFileReference</string>
			<key>lastKnownFileType</key>
			<string>sourcecode.c.objc</string>
			<key>path</key>
			<string>LFTableViewController.m</string>
			<key>sourceTree</key>
			<string>&lt;group&gt;</string>
		</dict>
		<key>3999B37C19F498DA00C7FC88</key>
		<dict>
			<key>fileRef</key>
			<string>3999B37B19F498DA00C7FC88</string>
			<key>isa</key>
			<string>PBXBuildFile</string>
		</dict>
		<key>445CC00060034A4490DD442A</key>
		<dict>
			<key>explicitFileType</key>
			<string>archive.ar</string>
			<key>includeInIndex</key>
			<string>0</string>
			<key>isa</key>
			<string>PBXFileReference</string>
			<key>path</key>
			<string>libPods.a</string>
			<key>sourceTree</key>
			<string>BUILT_PRODUCTS_DIR</string>
		</dict>
		<key>887614053EDF4C579344D8AA</key>
		<dict>
			<key>children</key>
			<array>
				<string>445CC00060034A4490DD442A</string>
			</array>
			<key>isa</key>
			<string>PBXGroup</string>
			<key>name</key>
			<string>Frameworks</string>
			<key>sourceTree</key>
			<string>&lt;group&gt;</string>
		</dict>
		<key>F6FA315099754810AA1AC4F1</key>
		<dict>
			<key>buildActionMask</key>
			<string>2147483647</string>
			<key>files</key>
			<array/>
			<key>inputPaths</key>
			<array/>
			<key>isa</key>
			<string>PBXShellScriptBuildPhase</string>
			<key>name</key>
			<string>Copy Pods Resources</string>
			<key>outputPaths</key>
			<array/>
			<key>runOnlyForDeploymentPostprocessing</key>
			<string>0</string>
			<key>shellPath</key>
			<string>/bin/sh</string>
			<key>shellScript</key>
			<string>"${SRCROOT}/Pods/Pods-resources.sh"
</string>
			<key>showEnvVarsInLog</key>
			<string>0</string>
		</dict>
		<key>FEAC2B70E4AE4387979854FB</key>
		<dict>
			<key>fileRef</key>
			<string>445CC00060034A4490DD442A</string>
			<key>isa</key>
			<string>PBXBuildFile</string>
		</dict>
	</dict>
	<key>rootObject</key>
	<string>3999B31D19F48CE500C7FC88</string>
</dict>
</plist>
